
Microsoft Visual Studio Solution File, Format Version 12.00
# Visual Studio 15
VisualStudioVersion = 15.0.26730.12
MinimumVisualStudioVersion = 10.0.40219.1
Project("{FAE04EC0-301F-11D3-BF4B-00C04F79EFBC}") = "ProftaakS2MaatwerkWeb", "ProftaakS2MaatwerkWeb\ProftaakS2MaatwerkWeb.csproj", "{4CA96D85-352E-4BDF-AB84-BC65E9947635}"
EndProject
Global
	GlobalSection(SolutionConfigurationPlatforms) = preSolution
		Debug|Any CPU = Debug|Any CPU
		Release|Any CPU = Release|Any CPU
	EndGlobalSection
	GlobalSection(ProjectConfigurationPlatforms) = postSolution
		{4CA96D85-352E-4BDF-AB84-BC65E9947635}.Debug|Any CPU.ActiveCfg = Debug|Any CPU
		{4CA96D85-352E-4BDF-AB84-BC65E9947635}.Debug|Any CPU.Build.0 = Debug|Any CPU
		{4CA96D85-352E-4BDF-AB84-BC65E9947635}.Release|Any CPU.ActiveCfg = Release|Any CPU
		{4CA96D85-352E-4BDF-AB84-BC65E9947635}.Release|Any CPU.Build.0 = Release|Any CPU
	EndGlobalSection
	GlobalSection(SolutionProperties) = preSolution
		HideSolutionNode = FALSE
	EndGlobalSection
	GlobalSection(ExtensibilityGlobals) = postSolution
		SolutionGuid = {59D29DF4-FD5C-4CFD-BF4B-6F9FCEBDEB07}
	EndGlobalSection
EndGlobal
